// !$*UTF8*$!
{
	archiveVersion = 1;
	classes = {
	};
	objectVersion = 50;
	objects = {

/* Begin PBXBuildFile section */
		4D9DCADB2CE0109300EF8CE2 /* UIAlertController+Extension.swift in Sources */ = {isa = PBXBuildFile; fileRef = 4D9DCAC62CE0109300EF8CE2 /* UIAlertController+Extension.swift */; };
		4D9DCADC2CE0109300EF8CE2 /* NSMutableAttributedString+Extension.swift in Sources */ = {isa = PBXBuildFile; fileRef = 4D9DCAC12CE0109300EF8CE2 /* NSMutableAttributedString+Extension.swift */; };
		4D9DCADD2CE0109300EF8CE2 /* DateComponents+Extension.swift in Sources */ = {isa = PBXBuildFile; fileRef = 4D9DCABF2CE0109300EF8CE2 /* DateComponents+Extension.swift */; };
		4D9DCADE2CE0109300EF8CE2 /* TimeInterval+Extension.swift in Sources */ = {isa = PBXBuildFile; fileRef = 4D9DCAC52CE0109300EF8CE2 /* TimeInterval+Extension.swift */; };
		4D9DCADF2CE0109300EF8CE2 /* NetworkCache.swift in Sources */ = {isa = PBXBuildFile; fileRef = 4D9DCAD52CE0109300EF8CE2 /* NetworkCache.swift */; };
		4D9DCAE02CE0109300EF8CE2 /* UIView+Extension.swift in Sources */ = {isa = PBXBuildFile; fileRef = 4D9DCAD12CE0109300EF8CE2 /* UIView+Extension.swift */; };
		4D9DCAE12CE0109300EF8CE2 /* UINavigationItem+Extension.swift in Sources */ = {isa = PBXBuildFile; fileRef = 4D9DCACC2CE0109300EF8CE2 /* UINavigationItem+Extension.swift */; };
		4D9DCAE22CE0109300EF8CE2 /* Storyboardable.swift in Sources */ = {isa = PBXBuildFile; fileRef = 4D9DCAC32CE0109300EF8CE2 /* Storyboardable.swift */; };
		4D9DCAE32CE0109300EF8CE2 /* String+Extension.swift in Sources */ = {isa = PBXBuildFile; fileRef = 4D9DCAC42CE0109300EF8CE2 /* String+Extension.swift */; };
		4D9DCAE42CE0109300EF8CE2 /* NetworkSession.swift in Sources */ = {isa = PBXBuildFile; fileRef = 4D9DCAD92CE0109300EF8CE2 /* NetworkSession.swift */; };
		4D9DCAE52CE0109300EF8CE2 /* NetworkRequest.swift in Sources */ = {isa = PBXBuildFile; fileRef = 4D9DCAD72CE0109300EF8CE2 /* NetworkRequest.swift */; };
		4D9DCAE62CE0109300EF8CE2 /* KeyboardConstraint.swift in Sources */ = {isa = PBXBuildFile; fileRef = 4D9DCAC02CE0109300EF8CE2 /* KeyboardConstraint.swift */; };
		4D9DCAE72CE0109300EF8CE2 /* UIButton+Extension.swift in Sources */ = {isa = PBXBuildFile; fileRef = 4D9DCAC72CE0109300EF8CE2 /* UIButton+Extension.swift */; };
		4D9DCAE82CE0109300EF8CE2 /* NetworkAPI.swift in Sources */ = {isa = PBXBuildFile; fileRef = 4D9DCAD42CE0109300EF8CE2 /* NetworkAPI.swift */; };
		4D9DCAE92CE0109300EF8CE2 /* UIViewController+Extension.swift in Sources */ = {isa = PBXBuildFile; fileRef = 4D9DCAD22CE0109300EF8CE2 /* UIViewController+Extension.swift */; };
		4D9DCAEA2CE0109300EF8CE2 /* UIDatePicker+Extension.swift in Sources */ = {isa = PBXBuildFile; fileRef = 4D9DCACA2CE0109300EF8CE2 /* UIDatePicker+Extension.swift */; };
		4D9DCAEB2CE0109300EF8CE2 /* NetworkCollection.swift in Sources */ = {isa = PBXBuildFile; fileRef = 4D9DCAD62CE0109300EF8CE2 /* NetworkCollection.swift */; };
		4D9DCAEC2CE0109300EF8CE2 /* Date+Extension.swift in Sources */ = {isa = PBXBuildFile; fileRef = 4D9DCABE2CE0109300EF8CE2 /* Date+Extension.swift */; };
		4D9DCAED2CE0109300EF8CE2 /* UITableView+Extension.swift in Sources */ = {isa = PBXBuildFile; fileRef = 4D9DCACD2CE0109300EF8CE2 /* UITableView+Extension.swift */; };
		4D9DCAEE2CE0109300EF8CE2 /* Plist.swift in Sources */ = {isa = PBXBuildFile; fileRef = 4D9DCAC22CE0109300EF8CE2 /* Plist.swift */; };
		4D9DCAEF2CE0109300EF8CE2 /* UITableViewCell+Extension.swift in Sources */ = {isa = PBXBuildFile; fileRef = 4D9DCACE2CE0109300EF8CE2 /* UITableViewCell+Extension.swift */; };
		4D9DCAF02CE0109300EF8CE2 /* UITextField+Extension.swift in Sources */ = {isa = PBXBuildFile; fileRef = 4D9DCAD02CE0109300EF8CE2 /* UITextField+Extension.swift */; };
		4D9DCAF12CE0109300EF8CE2 /* NetworkResponse.swift in Sources */ = {isa = PBXBuildFile; fileRef = 4D9DCAD82CE0109300EF8CE2 /* NetworkResponse.swift */; };
		4D9DCAF22CE0109300EF8CE2 /* Array+Extension.swift in Sources */ = {isa = PBXBuildFile; fileRef = 4D9DCABB2CE0109300EF8CE2 /* Array+Extension.swift */; };
		4D9DCAF32CE0109300EF8CE2 /* Character+Extension.swift in Sources */ = {isa = PBXBuildFile; fileRef = 4D9DCABD2CE0109300EF8CE2 /* Character+Extension.swift */; };
		4D9DCAF42CE0109300EF8CE2 /* UITableViewHeaderFooterView+Extension.swift in Sources */ = {isa = PBXBuildFile; fileRef = 4D9DCACF2CE0109300EF8CE2 /* UITableViewHeaderFooterView+Extension.swift */; };
		4D9DCAF52CE0109300EF8CE2 /* UIFont+Extension.swift in Sources */ = {isa = PBXBuildFile; fileRef = 4D9DCACB2CE0109300EF8CE2 /* UIFont+Extension.swift */; };
		4D9DCAF62CE0109300EF8CE2 /* UICollectionViewCell.swift in Sources */ = {isa = PBXBuildFile; fileRef = 4D9DCAC82CE0109300EF8CE2 /* UICollectionViewCell.swift */; };
		4D9DCAF72CE0109300EF8CE2 /* Bundle+Extension.swift in Sources */ = {isa = PBXBuildFile; fileRef = 4D9DCABC2CE0109300EF8CE2 /* Bundle+Extension.swift */; };
		4D9DCAF82CE0109300EF8CE2 /* UIColor+Extension.swift in Sources */ = {isa = PBXBuildFile; fileRef = 4D9DCAC92CE0109300EF8CE2 /* UIColor+Extension.swift */; };
		D2BF1A20222ED87A00CB2DFE /* AppDelegate.swift in Sources */ = {isa = PBXBuildFile; fileRef = D2BF1A1F222ED87A00CB2DFE /* AppDelegate.swift */; };
		D2BF1A22222ED87A00CB2DFE /* StartupViewController.swift in Sources */ = {isa = PBXBuildFile; fileRef = D2BF1A21222ED87A00CB2DFE /* StartupViewController.swift */; };
		D2BF1A25222ED87A00CB2DFE /* Startup.storyboard in Resources */ = {isa = PBXBuildFile; fileRef = D2BF1A23222ED87A00CB2DFE /* Startup.storyboard */; };
		D2BF1A27222ED88000CB2DFE /* Assets.xcassets in Resources */ = {isa = PBXBuildFile; fileRef = D2BF1A26222ED88000CB2DFE /* Assets.xcassets */; };
		D2BF1A2A222ED88000CB2DFE /* LaunchScreen.storyboard in Resources */ = {isa = PBXBuildFile; fileRef = D2BF1A28222ED88000CB2DFE /* LaunchScreen.storyboard */; };
		D2BF1A69222EDA1800CB2DFE /* README.md in Resources */ = {isa = PBXBuildFile; fileRef = D2BF1A67222EDA1800CB2DFE /* README.md */; };
		D2BF1A6A222EDA1800CB2DFE /* LICENSE.txt in Resources */ = {isa = PBXBuildFile; fileRef = D2BF1A68222EDA1800CB2DFE /* LICENSE.txt */; };
/* End PBXBuildFile section */

/* Begin PBXFileReference section */
		4D9DCABB2CE0109300EF8CE2 /* Array+Extension.swift */ = {isa = PBXFileReference; lastKnownFileType = sourcecode.swift; path = "Array+Extension.swift"; sourceTree = "<group>"; };
		4D9DCABC2CE0109300EF8CE2 /* Bundle+Extension.swift */ = {isa = PBXFileReference; lastKnownFileType = sourcecode.swift; path = "Bundle+Extension.swift"; sourceTree = "<group>"; };
		4D9DCABD2CE0109300EF8CE2 /* Character+Extension.swift */ = {isa = PBXFileReference; lastKnownFileType = sourcecode.swift; path = "Character+Extension.swift"; sourceTree = "<group>"; };
		4D9DCABE2CE0109300EF8CE2 /* Date+Extension.swift */ = {isa = PBXFileReference; lastKnownFileType = sourcecode.swift; path = "Date+Extension.swift"; sourceTree = "<group>"; };
		4D9DCABF2CE0109300EF8CE2 /* DateComponents+Extension.swift */ = {isa = PBXFileReference; lastKnownFileType = sourcecode.swift; path = "DateComponents+Extension.swift"; sourceTree = "<group>"; };
		4D9DCAC02CE0109300EF8CE2 /* KeyboardConstraint.swift */ = {isa = PBXFileReference; lastKnownFileType = sourcecode.swift; path = KeyboardConstraint.swift; sourceTree = "<group>"; };
		4D9DCAC12CE0109300EF8CE2 /* NSMutableAttributedString+Extension.swift */ = {isa = PBXFileReference; lastKnownFileType = sourcecode.swift; path = "NSMutableAttributedString+Extension.swift"; sourceTree = "<group>"; };
		4D9DCAC22CE0109300EF8CE2 /* Plist.swift */ = {isa = PBXFileReference; lastKnownFileType = sourcecode.swift; path = Plist.swift; sourceTree = "<group>"; };
		4D9DCAC32CE0109300EF8CE2 /* Storyboardable.swift */ = {isa = PBXFileReference; lastKnownFileType = sourcecode.swift; path = Storyboardable.swift; sourceTree = "<group>"; };
		4D9DCAC42CE0109300EF8CE2 /* String+Extension.swift */ = {isa = PBXFileReference; lastKnownFileType = sourcecode.swift; path = "String+Extension.swift"; sourceTree = "<group>"; };
		4D9DCAC52CE0109300EF8CE2 /* TimeInterval+Extension.swift */ = {isa = PBXFileReference; lastKnownFileType = sourcecode.swift; path = "TimeInterval+Extension.swift"; sourceTree = "<group>"; };
		4D9DCAC62CE0109300EF8CE2 /* UIAlertController+Extension.swift */ = {isa = PBXFileReference; lastKnownFileType = sourcecode.swift; path = "UIAlertController+Extension.swift"; sourceTree = "<group>"; };
		4D9DCAC72CE0109300EF8CE2 /* UIButton+Extension.swift */ = {isa = PBXFileReference; lastKnownFileType = sourcecode.swift; path = "UIButton+Extension.swift"; sourceTree = "<group>"; };
		4D9DCAC82CE0109300EF8CE2 /* UICollectionViewCell.swift */ = {isa = PBXFileReference; lastKnownFileType = sourcecode.swift; path = UICollectionViewCell.swift; sourceTree = "<group>"; };
		4D9DCAC92CE0109300EF8CE2 /* UIColor+Extension.swift */ = {isa = PBXFileReference; lastKnownFileType = sourcecode.swift; path = "UIColor+Extension.swift"; sourceTree = "<group>"; };
		4D9DCACA2CE0109300EF8CE2 /* UIDatePicker+Extension.swift */ = {isa = PBXFileReference; lastKnownFileType = sourcecode.swift; path = "UIDatePicker+Extension.swift"; sourceTree = "<group>"; };
		4D9DCACB2CE0109300EF8CE2 /* UIFont+Extension.swift */ = {isa = PBXFileReference; lastKnownFileType = sourcecode.swift; path = "UIFont+Extension.swift"; sourceTree = "<group>"; };
		4D9DCACC2CE0109300EF8CE2 /* UINavigationItem+Extension.swift */ = {isa = PBXFileReference; lastKnownFileType = sourcecode.swift; path = "UINavigationItem+Extension.swift"; sourceTree = "<group>"; };
		4D9DCACD2CE0109300EF8CE2 /* UITableView+Extension.swift */ = {isa = PBXFileReference; lastKnownFileType = sourcecode.swift; path = "UITableView+Extension.swift"; sourceTree = "<group>"; };
		4D9DCACE2CE0109300EF8CE2 /* UITableViewCell+Extension.swift */ = {isa = PBXFileReference; lastKnownFileType = sourcecode.swift; path = "UITableViewCell+Extension.swift"; sourceTree = "<group>"; };
		4D9DCACF2CE0109300EF8CE2 /* UITableViewHeaderFooterView+Extension.swift */ = {isa = PBXFileReference; lastKnownFileType = sourcecode.swift; path = "UITableViewHeaderFooterView+Extension.swift"; sourceTree = "<group>"; };
		4D9DCAD02CE0109300EF8CE2 /* UITextField+Extension.swift */ = {isa = PBXFileReference; lastKnownFileType = sourcecode.swift; path = "UITextField+Extension.swift"; sourceTree = "<group>"; };
		4D9DCAD12CE0109300EF8CE2 /* UIView+Extension.swift */ = {isa = PBXFileReference; lastKnownFileType = sourcecode.swift; path = "UIView+Extension.swift"; sourceTree = "<group>"; };
		4D9DCAD22CE0109300EF8CE2 /* UIViewController+Extension.swift */ = {isa = PBXFileReference; lastKnownFileType = sourcecode.swift; path = "UIViewController+Extension.swift"; sourceTree = "<group>"; };
		4D9DCAD42CE0109300EF8CE2 /* NetworkAPI.swift */ = {isa = PBXFileReference; lastKnownFileType = sourcecode.swift; path = NetworkAPI.swift; sourceTree = "<group>"; };
		4D9DCAD52CE0109300EF8CE2 /* NetworkCache.swift */ = {isa = PBXFileReference; lastKnownFileType = sourcecode.swift; path = NetworkCache.swift; sourceTree = "<group>"; };
		4D9DCAD62CE0109300EF8CE2 /* NetworkCollection.swift */ = {isa = PBXFileReference; lastKnownFileType = sourcecode.swift; path = NetworkCollection.swift; sourceTree = "<group>"; };
		4D9DCAD72CE0109300EF8CE2 /* NetworkRequest.swift */ = {isa = PBXFileReference; lastKnownFileType = sourcecode.swift; path = NetworkRequest.swift; sourceTree = "<group>"; };
		4D9DCAD82CE0109300EF8CE2 /* NetworkResponse.swift */ = {isa = PBXFileReference; lastKnownFileType = sourcecode.swift; path = NetworkResponse.swift; sourceTree = "<group>"; };
		4D9DCAD92CE0109300EF8CE2 /* NetworkSession.swift */ = {isa = PBXFileReference; lastKnownFileType = sourcecode.swift; path = NetworkSession.swift; sourceTree = "<group>"; };
		D2BF1A1C222ED87A00CB2DFE /* EveryDayExtensions.app */ = {isa = PBXFileReference; explicitFileType = wrapper.application; includeInIndex = 0; path = EveryDayExtensions.app; sourceTree = BUILT_PRODUCTS_DIR; };
		D2BF1A1F222ED87A00CB2DFE /* AppDelegate.swift */ = {isa = PBXFileReference; lastKnownFileType = sourcecode.swift; path = AppDelegate.swift; sourceTree = "<group>"; };
		D2BF1A21222ED87A00CB2DFE /* StartupViewController.swift */ = {isa = PBXFileReference; lastKnownFileType = sourcecode.swift; path = StartupViewController.swift; sourceTree = "<group>"; };
		D2BF1A24222ED87A00CB2DFE /* Base */ = {isa = PBXFileReference; lastKnownFileType = file.storyboard; name = Base; path = Base.lproj/Startup.storyboard; sourceTree = "<group>"; };
		D2BF1A26222ED88000CB2DFE /* Assets.xcassets */ = {isa = PBXFileReference; lastKnownFileType = folder.assetcatalog; path = Assets.xcassets; sourceTree = "<group>"; };
		D2BF1A29222ED88000CB2DFE /* Base */ = {isa = PBXFileReference; lastKnownFileType = file.storyboard; name = Base; path = Base.lproj/LaunchScreen.storyboard; sourceTree = "<group>"; };
		D2BF1A2B222ED88000CB2DFE /* Info.plist */ = {isa = PBXFileReference; lastKnownFileType = text.plist.xml; path = Info.plist; sourceTree = "<group>"; };
		D2BF1A67222EDA1800CB2DFE /* README.md */ = {isa = PBXFileReference; fileEncoding = 4; lastKnownFileType = net.daringfireball.markdown; path = README.md; sourceTree = "<group>"; };
		D2BF1A68222EDA1800CB2DFE /* LICENSE.txt */ = {isa = PBXFileReference; fileEncoding = 4; lastKnownFileType = text; path = LICENSE.txt; sourceTree = "<group>"; };
/* End PBXFileReference section */

/* Begin PBXFrameworksBuildPhase section */
		D2BF1A19222ED87A00CB2DFE /* Frameworks */ = {
			isa = PBXFrameworksBuildPhase;
			buildActionMask = 2147483647;
			files = (
			);
			runOnlyForDeploymentPostprocessing = 0;
		};
/* End PBXFrameworksBuildPhase section */

/* Begin PBXGroup section */
		4D9DCAD32CE0109300EF8CE2 /* Extensions */ = {
			isa = PBXGroup;
			children = (
				4D9DCABB2CE0109300EF8CE2 /* Array+Extension.swift */,
				4D9DCABC2CE0109300EF8CE2 /* Bundle+Extension.swift */,
				4D9DCABD2CE0109300EF8CE2 /* Character+Extension.swift */,
				4D9DCABE2CE0109300EF8CE2 /* Date+Extension.swift */,
				4D9DCABF2CE0109300EF8CE2 /* DateComponents+Extension.swift */,
				4D9DCAC02CE0109300EF8CE2 /* KeyboardConstraint.swift */,
				4D9DCAC12CE0109300EF8CE2 /* NSMutableAttributedString+Extension.swift */,
				4D9DCAC22CE0109300EF8CE2 /* Plist.swift */,
				4D9DCAC32CE0109300EF8CE2 /* Storyboardable.swift */,
				4D9DCAC42CE0109300EF8CE2 /* String+Extension.swift */,
				4D9DCAC52CE0109300EF8CE2 /* TimeInterval+Extension.swift */,
				4D9DCAC62CE0109300EF8CE2 /* UIAlertController+Extension.swift */,
				4D9DCAC72CE0109300EF8CE2 /* UIButton+Extension.swift */,
				4D9DCAC82CE0109300EF8CE2 /* UICollectionViewCell.swift */,
				4D9DCAC92CE0109300EF8CE2 /* UIColor+Extension.swift */,
				4D9DCACA2CE0109300EF8CE2 /* UIDatePicker+Extension.swift */,
				4D9DCACB2CE0109300EF8CE2 /* UIFont+Extension.swift */,
				4D9DCACC2CE0109300EF8CE2 /* UINavigationItem+Extension.swift */,
				4D9DCACD2CE0109300EF8CE2 /* UITableView+Extension.swift */,
				4D9DCACE2CE0109300EF8CE2 /* UITableViewCell+Extension.swift */,
				4D9DCACF2CE0109300EF8CE2 /* UITableViewHeaderFooterView+Extension.swift */,
				4D9DCAD02CE0109300EF8CE2 /* UITextField+Extension.swift */,
				4D9DCAD12CE0109300EF8CE2 /* UIView+Extension.swift */,
				4D9DCAD22CE0109300EF8CE2 /* UIViewController+Extension.swift */,
			);
			path = Extensions;
			sourceTree = "<group>";
		};
		4D9DCADA2CE0109300EF8CE2 /* Network */ = {
			isa = PBXGroup;
			children = (
				4D9DCAD42CE0109300EF8CE2 /* NetworkAPI.swift */,
				4D9DCAD52CE0109300EF8CE2 /* NetworkCache.swift */,
				4D9DCAD62CE0109300EF8CE2 /* NetworkCollection.swift */,
				4D9DCAD72CE0109300EF8CE2 /* NetworkRequest.swift */,
				4D9DCAD82CE0109300EF8CE2 /* NetworkResponse.swift */,
				4D9DCAD92CE0109300EF8CE2 /* NetworkSession.swift */,
			);
			path = Network;
			sourceTree = "<group>";
		};
		4D9DCAF92CE016EA00EF8CE2 /* Startup */ = {
			isa = PBXGroup;
			children = (
				D2BF1A21222ED87A00CB2DFE /* StartupViewController.swift */,
				D2BF1A23222ED87A00CB2DFE /* Startup.storyboard */,
			);
			path = Startup;
			sourceTree = "<group>";
		};
		4D9DCAFA2CE0170600EF8CE2 /* App */ = {
			isa = PBXGroup;
			children = (
				D2BF1A1F222ED87A00CB2DFE /* AppDelegate.swift */,
			);
			path = App;
			sourceTree = "<group>";
		};
		4D9DCAFB2CE01B8800EF8CE2 /* Resources */ = {
			isa = PBXGroup;
			children = (
				D2BF1A26222ED88000CB2DFE /* Assets.xcassets */,
				D2BF1A28222ED88000CB2DFE /* LaunchScreen.storyboard */,
				D2BF1A2B222ED88000CB2DFE /* Info.plist */,
			);
			path = Resources;
			sourceTree = "<group>";
		};
		D2BF1A13222ED87A00CB2DFE = {
			isa = PBXGroup;
			children = (
				4D9DCAD32CE0109300EF8CE2 /* Extensions */,
				4D9DCADA2CE0109300EF8CE2 /* Network */,
				D2BF1A67222EDA1800CB2DFE /* README.md */,
				D2BF1A68222EDA1800CB2DFE /* LICENSE.txt */,
				D2BF1A1E222ED87A00CB2DFE /* EveryDayExtensions */,
				D2BF1A1D222ED87A00CB2DFE /* Products */,
			);
			sourceTree = "<group>";
		};
		D2BF1A1D222ED87A00CB2DFE /* Products */ = {
			isa = PBXGroup;
			children = (
				D2BF1A1C222ED87A00CB2DFE /* EveryDayExtensions.app */,
			);
			name = Products;
			sourceTree = "<group>";
		};
		D2BF1A1E222ED87A00CB2DFE /* EveryDayExtensions */ = {
			isa = PBXGroup;
			children = (
				4D9DCAFA2CE0170600EF8CE2 /* App */,
				4D9DCAF92CE016EA00EF8CE2 /* Startup */,
				4D9DCAFB2CE01B8800EF8CE2 /* Resources */,
			);
			path = EveryDayExtensions;
			sourceTree = "<group>";
		};
/* End PBXGroup section */

/* Begin PBXNativeTarget section */
		D2BF1A1B222ED87A00CB2DFE /* EveryDayExtensions */ = {
			isa = PBXNativeTarget;
			buildConfigurationList = D2BF1A44222ED88000CB2DFE /* Build configuration list for PBXNativeTarget "EveryDayExtensions" */;
			buildPhases = (
				D2BF1A18222ED87A00CB2DFE /* Sources */,
				D2BF1A19222ED87A00CB2DFE /* Frameworks */,
				D2BF1A1A222ED87A00CB2DFE /* Resources */,
			);
			buildRules = (
			);
			dependencies = (
			);
			name = EveryDayExtensions;
			productName = EveryDayExtensions;
			productReference = D2BF1A1C222ED87A00CB2DFE /* EveryDayExtensions.app */;
			productType = "com.apple.product-type.application";
		};
/* End PBXNativeTarget section */

/* Begin PBXProject section */
		D2BF1A14222ED87A00CB2DFE /* Project object */ = {
			isa = PBXProject;
			attributes = {
				LastSwiftUpdateCheck = 1010;
				LastUpgradeCheck = 1340;
				ORGANIZATIONNAME = "FTLapps, inc.";
				TargetAttributes = {
					D2BF1A1B222ED87A00CB2DFE = {
						CreatedOnToolsVersion = 10.1;
						LastSwiftMigration = "";
					};
				};
			};
			buildConfigurationList = D2BF1A17222ED87A00CB2DFE /* Build configuration list for PBXProject "EveryDayExtensions" */;
			compatibilityVersion = "Xcode 9.3";
			developmentRegion = en;
			hasScannedForEncodings = 0;
			knownRegions = (
				en,
				Base,
			);
			mainGroup = D2BF1A13222ED87A00CB2DFE;
			productRefGroup = D2BF1A1D222ED87A00CB2DFE /* Products */;
			projectDirPath = "";
			projectRoot = "";
			targets = (
				D2BF1A1B222ED87A00CB2DFE /* EveryDayExtensions */,
			);
		};
/* End PBXProject section */

/* Begin PBXResourcesBuildPhase section */
		D2BF1A1A222ED87A00CB2DFE /* Resources */ = {
			isa = PBXResourcesBuildPhase;
			buildActionMask = 2147483647;
			files = (
				D2BF1A2A222ED88000CB2DFE /* LaunchScreen.storyboard in Resources */,
				D2BF1A27222ED88000CB2DFE /* Assets.xcassets in Resources */,
				D2BF1A69222EDA1800CB2DFE /* README.md in Resources */,
				D2BF1A6A222EDA1800CB2DFE /* LICENSE.txt in Resources */,
				D2BF1A25222ED87A00CB2DFE /* Startup.storyboard in Resources */,
			);
			runOnlyForDeploymentPostprocessing = 0;
		};
/* End PBXResourcesBuildPhase section */

/* Begin PBXSourcesBuildPhase section */
		D2BF1A18222ED87A00CB2DFE /* Sources */ = {
			isa = PBXSourcesBuildPhase;
			buildActionMask = 2147483647;
			files = (
				4D9DCADB2CE0109300EF8CE2 /* UIAlertController+Extension.swift in Sources */,
				4D9DCADC2CE0109300EF8CE2 /* NSMutableAttributedString+Extension.swift in Sources */,
				4D9DCADD2CE0109300EF8CE2 /* DateComponents+Extension.swift in Sources */,
				4D9DCADE2CE0109300EF8CE2 /* TimeInterval+Extension.swift in Sources */,
				4D9DCADF2CE0109300EF8CE2 /* NetworkCache.swift in Sources */,
				4D9DCAE02CE0109300EF8CE2 /* UIView+Extension.swift in Sources */,
				4D9DCAE12CE0109300EF8CE2 /* UINavigationItem+Extension.swift in Sources */,
				4D9DCAE22CE0109300EF8CE2 /* Storyboardable.swift in Sources */,
				4D9DCAE32CE0109300EF8CE2 /* String+Extension.swift in Sources */,
				4D9DCAE42CE0109300EF8CE2 /* NetworkSession.swift in Sources */,
				4D9DCAE52CE0109300EF8CE2 /* NetworkRequest.swift in Sources */,
				4D9DCAE62CE0109300EF8CE2 /* KeyboardConstraint.swift in Sources */,
				4D9DCAE72CE0109300EF8CE2 /* UIButton+Extension.swift in Sources */,
				4D9DCAE82CE0109300EF8CE2 /* NetworkAPI.swift in Sources */,
				4D9DCAE92CE0109300EF8CE2 /* UIViewController+Extension.swift in Sources */,
				4D9DCAEA2CE0109300EF8CE2 /* UIDatePicker+Extension.swift in Sources */,
				4D9DCAEB2CE0109300EF8CE2 /* NetworkCollection.swift in Sources */,
				4D9DCAEC2CE0109300EF8CE2 /* Date+Extension.swift in Sources */,
				4D9DCAED2CE0109300EF8CE2 /* UITableView+Extension.swift in Sources */,
				4D9DCAEE2CE0109300EF8CE2 /* Plist.swift in Sources */,
				4D9DCAEF2CE0109300EF8CE2 /* UITableViewCell+Extension.swift in Sources */,
				4D9DCAF02CE0109300EF8CE2 /* UITextField+Extension.swift in Sources */,
				4D9DCAF12CE0109300EF8CE2 /* NetworkResponse.swift in Sources */,
				4D9DCAF22CE0109300EF8CE2 /* Array+Extension.swift in Sources */,
				4D9DCAF32CE0109300EF8CE2 /* Character+Extension.swift in Sources */,
				4D9DCAF42CE0109300EF8CE2 /* UITableViewHeaderFooterView+Extension.swift in Sources */,
				4D9DCAF52CE0109300EF8CE2 /* UIFont+Extension.swift in Sources */,
				4D9DCAF62CE0109300EF8CE2 /* UICollectionViewCell.swift in Sources */,
				4D9DCAF72CE0109300EF8CE2 /* Bundle+Extension.swift in Sources */,
				4D9DCAF82CE0109300EF8CE2 /* UIColor+Extension.swift in Sources */,
				D2BF1A22222ED87A00CB2DFE /* StartupViewController.swift in Sources */,
				D2BF1A20222ED87A00CB2DFE /* AppDelegate.swift in Sources */,
			);
			runOnlyForDeploymentPostprocessing = 0;
		};
/* End PBXSourcesBuildPhase section */

/* Begin PBXVariantGroup section */
		D2BF1A23222ED87A00CB2DFE /* Startup.storyboard */ = {
			isa = PBXVariantGroup;
			children = (
				D2BF1A24222ED87A00CB2DFE /* Base */,
			);
			name = Startup.storyboard;
			sourceTree = "<group>";
		};
		D2BF1A28222ED88000CB2DFE /* LaunchScreen.storyboard */ = {
			isa = PBXVariantGroup;
			children = (
				D2BF1A29222ED88000CB2DFE /* Base */,
			);
			name = LaunchScreen.storyboard;
			sourceTree = "<group>";
		};
/* End PBXVariantGroup section */

/* Begin XCBuildConfiguration section */
		D2BF1A42222ED88000CB2DFE /* Debug */ = {
			isa = XCBuildConfiguration;
			buildSettings = {
				ALWAYS_SEARCH_USER_PATHS = NO;
				CLANG_ANALYZER_NONNULL = YES;
				CLANG_ANALYZER_NUMBER_OBJECT_CONVERSION = YES_AGGRESSIVE;
				CLANG_CXX_LANGUAGE_STANDARD = "gnu++14";
				CLANG_CXX_LIBRARY = "libc++";
				CLANG_ENABLE_MODULES = YES;
				CLANG_ENABLE_OBJC_ARC = YES;
				CLANG_ENABLE_OBJC_WEAK = YES;
				CLANG_WARN_BLOCK_CAPTURE_AUTORELEASING = YES;
				CLANG_WARN_BOOL_CONVERSION = YES;
				CLANG_WARN_COMMA = YES;
				CLANG_WARN_CONSTANT_CONVERSION = YES;
				CLANG_WARN_DEPRECATED_OBJC_IMPLEMENTATIONS = YES;
				CLANG_WARN_DIRECT_OBJC_ISA_USAGE = YES_ERROR;
				CLANG_WARN_DOCUMENTATION_COMMENTS = YES;
				CLANG_WARN_EMPTY_BODY = YES;
				CLANG_WARN_ENUM_CONVERSION = YES;
				CLANG_WARN_INFINITE_RECURSION = YES;
				CLANG_WARN_INT_CONVERSION = YES;
				CLANG_WARN_NON_LITERAL_NULL_CONVERSION = YES;
				CLANG_WARN_OBJC_IMPLICIT_RETAIN_SELF = YES;
				CLANG_WARN_OBJC_LITERAL_CONVERSION = YES;
				CLANG_WARN_OBJC_ROOT_CLASS = YES_ERROR;
				CLANG_WARN_QUOTED_INCLUDE_IN_FRAMEWORK_HEADER = YES;
				CLANG_WARN_RANGE_LOOP_ANALYSIS = YES;
				CLANG_WARN_STRICT_PROTOTYPES = YES;
				CLANG_WARN_SUSPICIOUS_MOVE = YES;
				CLANG_WARN_UNGUARDED_AVAILABILITY = YES_AGGRESSIVE;
				CLANG_WARN_UNREACHABLE_CODE = YES;
				CLANG_WARN__DUPLICATE_METHOD_MATCH = YES;
				CODE_SIGN_IDENTITY = "iPhone Developer";
				COPY_PHASE_STRIP = NO;
				DEBUG_INFORMATION_FORMAT = dwarf;
				ENABLE_STRICT_OBJC_MSGSEND = YES;
				ENABLE_TESTABILITY = YES;
				GCC_C_LANGUAGE_STANDARD = gnu11;
				GCC_DYNAMIC_NO_PIC = NO;
				GCC_NO_COMMON_BLOCKS = YES;
				GCC_OPTIMIZATION_LEVEL = 0;
				GCC_PREPROCESSOR_DEFINITIONS = (
					"DEBUG=1",
					"$(inherited)",
				);
				GCC_WARN_64_TO_32_BIT_CONVERSION = YES;
				GCC_WARN_ABOUT_RETURN_TYPE = YES_ERROR;
				GCC_WARN_UNDECLARED_SELECTOR = YES;
				GCC_WARN_UNINITIALIZED_AUTOS = YES_AGGRESSIVE;
				GCC_WARN_UNUSED_FUNCTION = YES;
				GCC_WARN_UNUSED_VARIABLE = YES;
				IPHONEOS_DEPLOYMENT_TARGET = 15.0;
				MTL_ENABLE_DEBUG_INFO = INCLUDE_SOURCE;
				MTL_FAST_MATH = YES;
				ONLY_ACTIVE_ARCH = YES;
				SDKROOT = iphoneos;
				SWIFT_ACTIVE_COMPILATION_CONDITIONS = DEBUG;
				SWIFT_OPTIMIZATION_LEVEL = "-Onone";
				SWIFT_VERSION = 5.0;
			};
			name = Debug;
		};
		D2BF1A43222ED88000CB2DFE /* Release */ = {
			isa = XCBuildConfiguration;
			buildSettings = {
				ALWAYS_SEARCH_USER_PATHS = NO;
				CLANG_ANALYZER_NONNULL = YES;
				CLANG_ANALYZER_NUMBER_OBJECT_CONVERSION = YES_AGGRESSIVE;
				CLANG_CXX_LANGUAGE_STANDARD = "gnu++14";
				CLANG_CXX_LIBRARY = "libc++";
				CLANG_ENABLE_MODULES = YES;
				CLANG_ENABLE_OBJC_ARC = YES;
				CLANG_ENABLE_OBJC_WEAK = YES;
				CLANG_WARN_BLOCK_CAPTURE_AUTORELEASING = YES;
				CLANG_WARN_BOOL_CONVERSION = YES;
				CLANG_WARN_COMMA = YES;
				CLANG_WARN_CONSTANT_CONVERSION = YES;
				CLANG_WARN_DEPRECATED_OBJC_IMPLEMENTATIONS = YES;
				CLANG_WARN_DIRECT_OBJC_ISA_USAGE = YES_ERROR;
				CLANG_WARN_DOCUMENTATION_COMMENTS = YES;
				CLANG_WARN_EMPTY_BODY = YES;
				CLANG_WARN_ENUM_CONVERSION = YES;
				CLANG_WARN_INFINITE_RECURSION = YES;
				CLANG_WARN_INT_CONVERSION = YES;
				CLANG_WARN_NON_LITERAL_NULL_CONVERSION = YES;
				CLANG_WARN_OBJC_IMPLICIT_RETAIN_SELF = YES;
				CLANG_WARN_OBJC_LITERAL_CONVERSION = YES;
				CLANG_WARN_OBJC_ROOT_CLASS = YES_ERROR;
				CLANG_WARN_QUOTED_INCLUDE_IN_FRAMEWORK_HEADER = YES;
				CLANG_WARN_RANGE_LOOP_ANALYSIS = YES;
				CLANG_WARN_STRICT_PROTOTYPES = YES;
				CLANG_WARN_SUSPICIOUS_MOVE = YES;
				CLANG_WARN_UNGUARDED_AVAILABILITY = YES_AGGRESSIVE;
				CLANG_WARN_UNREACHABLE_CODE = YES;
				CLANG_WARN__DUPLICATE_METHOD_MATCH = YES;
				CODE_SIGN_IDENTITY = "iPhone Developer";
				COPY_PHASE_STRIP = NO;
				DEBUG_INFORMATION_FORMAT = "dwarf-with-dsym";
				ENABLE_NS_ASSERTIONS = NO;
				ENABLE_STRICT_OBJC_MSGSEND = YES;
				GCC_C_LANGUAGE_STANDARD = gnu11;
				GCC_NO_COMMON_BLOCKS = YES;
				GCC_WARN_64_TO_32_BIT_CONVERSION = YES;
				GCC_WARN_ABOUT_RETURN_TYPE = YES_ERROR;
				GCC_WARN_UNDECLARED_SELECTOR = YES;
				GCC_WARN_UNINITIALIZED_AUTOS = YES_AGGRESSIVE;
				GCC_WARN_UNUSED_FUNCTION = YES;
				GCC_WARN_UNUSED_VARIABLE = YES;
				IPHONEOS_DEPLOYMENT_TARGET = 15.0;
				MTL_ENABLE_DEBUG_INFO = NO;
				MTL_FAST_MATH = YES;
				SDKROOT = iphoneos;
				SWIFT_COMPILATION_MODE = wholemodule;
				SWIFT_OPTIMIZATION_LEVEL = "-O";
				SWIFT_VERSION = 5.0;
				VALIDATE_PRODUCT = YES;
			};
			name = Release;
		};
		D2BF1A45222ED88000CB2DFE /* Debug */ = {
			isa = XCBuildConfiguration;
			buildSettings = {
				ASSETCATALOG_COMPILER_APPICON_NAME = AppIcon;
				CODE_SIGN_STYLE = Automatic;
				CURRENT_PROJECT_VERSION = 1;
				DEVELOPMENT_TEAM = "";
				INFOPLIST_FILE = EveryDayExtensions/Info.plist;
				LD_RUNPATH_SEARCH_PATHS = (
					"$(inherited)",
					"@executable_path/Frameworks",
				);
				MARKETING_VERSION = 2.0;
				PRODUCT_BUNDLE_IDENTIFIER = com.everydayextensions.EveryDay;
				PRODUCT_NAME = "$(TARGET_NAME)";
				SWIFT_VERSION = 4.2;
				TARGETED_DEVICE_FAMILY = "1,2";
			};
			name = Debug;
		};
		D2BF1A46222ED88000CB2DFE /* Release */ = {
			isa = XCBuildConfiguration;
			buildSettings = {
				ASSETCATALOG_COMPILER_APPICON_NAME = AppIcon;
				CODE_SIGN_STYLE = Automatic;
				CURRENT_PROJECT_VERSION = 1;
				DEVELOPMENT_TEAM = "";
				INFOPLIST_FILE = EveryDayExtensions/Info.plist;
				LD_RUNPATH_SEARCH_PATHS = (
					"$(inherited)",
					"@executable_path/Frameworks",
				);
				MARKETING_VERSION = 2.0;
				PRODUCT_BUNDLE_IDENTIFIER = com.everydayextensions.EveryDay;
				PRODUCT_NAME = "$(TARGET_NAME)";
				SWIFT_VERSION = 4.2;
				TARGETED_DEVICE_FAMILY = "1,2";
			};
			name = Release;
		};
/* End XCBuildConfiguration section */

/* Begin XCConfigurationList section */
		D2BF1A17222ED87A00CB2DFE /* Build configuration list for PBXProject "EveryDayExtensions" */ = {
			isa = XCConfigurationList;
			buildConfigurations = (
				D2BF1A42222ED88000CB2DFE /* Debug */,
				D2BF1A43222ED88000CB2DFE /* Release */,
			);
			defaultConfigurationIsVisible = 0;
			defaultConfigurationName = Release;
		};
		D2BF1A44222ED88000CB2DFE /* Build configuration list for PBXNativeTarget "EveryDayExtensions" */ = {
			isa = XCConfigurationList;
			buildConfigurations = (
				D2BF1A45222ED88000CB2DFE /* Debug */,
				D2BF1A46222ED88000CB2DFE /* Release */,
			);
			defaultConfigurationIsVisible = 0;
			defaultConfigurationName = Release;
		};
/* End XCConfigurationList section */
	};
	rootObject = D2BF1A14222ED87A00CB2DFE /* Project object */;
}
